
Microsoft Visual Studio Solution File, Format Version 12.00
# Visual Studio Version 16
VisualStudioVersion = 16.0.30907.101
MinimumVisualStudioVersion = 10.0.40219.1
Project("{FAE04EC0-301F-11D3-BF4B-00C04F79EFBC}") = "Thomas Go", "Thomas Go\Thomas Go.csproj", "{C787040D-118B-4EFE-8A05-2D4F6A7BE5C7}"
EndProject
Global
	GlobalSection(SolutionConfigurationPlatforms) = preSolution
		Debug|Any CPU = Debug|Any CPU
		Release|Any CPU = Release|Any CPU
	EndGlobalSection
	GlobalSection(ProjectConfigurationPlatforms) = postSolution
		{C787040D-118B-4EFE-8A05-2D4F6A7BE5C7}.Debug|Any CPU.ActiveCfg = Debug|Any CPU
		{C787040D-118B-4EFE-8A05-2D4F6A7BE5C7}.Debug|Any CPU.Build.0 = Debug|Any CPU
		{C787040D-118B-4EFE-8A05-2D4F6A7BE5C7}.Release|Any CPU.ActiveCfg = Release|Any CPU
		{C787040D-118B-4EFE-8A05-2D4F6A7BE5C7}.Release|Any CPU.Build.0 = Release|Any CPU
	EndGlobalSection
	GlobalSection(SolutionProperties) = preSolution
		HideSolutionNode = FALSE
	EndGlobalSection
	GlobalSection(ExtensibilityGlobals) = postSolution
		SolutionGuid = {68395B4A-D066-4BC3-AA7B-E7114088551B}
	EndGlobalSection
EndGlobal
